
Microsoft Visual Studio Solution File, Format Version 12.00
# Visual Studio Version 16
VisualStudioVersion = 16.0.29201.188
MinimumVisualStudioVersion = 10.0.40219.1
Project("{FAE04EC0-301F-11D3-BF4B-00C04F79EFBC}") = "Business.Entities", "Business.Entities\Business.Entities.csproj", "{BE7BD0B3-EACE-4A30-A556-83891FFD564A}"
EndProject
Project("{FAE04EC0-301F-11D3-BF4B-00C04F79EFBC}") = "Business.Logic", "Business.Logic\Business.Logic.csproj", "{7BFBB134-41D0-4E65-AB19-A94FD01BC575}"
EndProject
Project("{FAE04EC0-301F-11D3-BF4B-00C04F79EFBC}") = "Data.Database", "Data.Database\Data.Database.csproj", "{BFF440CC-0D17-491F-B191-117A4EF0E656}"
EndProject
Project("{FAE04EC0-301F-11D3-BF4B-00C04F79EFBC}") = "UI.Desktop", "UI.Desktop\UI.Desktop.csproj", "{51F3AAD5-3220-497A-9B69-06FE2B4D2620}"
EndProject
Project("{FAE04EC0-301F-11D3-BF4B-00C04F79EFBC}") = "Util", "Util\Util.csproj", "{E84EA45A-6EFE-43AC-9F10-7D58F2D71982}"
EndProject
Global
	GlobalSection(SolutionConfigurationPlatforms) = preSolution
		Debug|Any CPU = Debug|Any CPU
		Release|Any CPU = Release|Any CPU
	EndGlobalSection
	GlobalSection(ProjectConfigurationPlatforms) = postSolution
		{BE7BD0B3-EACE-4A30-A556-83891FFD564A}.Debug|Any CPU.ActiveCfg = Debug|Any CPU
		{BE7BD0B3-EACE-4A30-A556-83891FFD564A}.Debug|Any CPU.Build.0 = Debug|Any CPU
		{BE7BD0B3-EACE-4A30-A556-83891FFD564A}.Release|Any CPU.ActiveCfg = Release|Any CPU
		{BE7BD0B3-EACE-4A30-A556-83891FFD564A}.Release|Any CPU.Build.0 = Release|Any CPU
		{7BFBB134-41D0-4E65-AB19-A94FD01BC575}.Debug|Any CPU.ActiveCfg = Debug|Any CPU
		{7BFBB134-41D0-4E65-AB19-A94FD01BC575}.Debug|Any CPU.Build.0 = Debug|Any CPU
		{7BFBB134-41D0-4E65-AB19-A94FD01BC575}.Release|Any CPU.ActiveCfg = Release|Any CPU
		{7BFBB134-41D0-4E65-AB19-A94FD01BC575}.Release|Any CPU.Build.0 = Release|Any CPU
		{BFF440CC-0D17-491F-B191-117A4EF0E656}.Debug|Any CPU.ActiveCfg = Debug|Any CPU
		{BFF440CC-0D17-491F-B191-117A4EF0E656}.Debug|Any CPU.Build.0 = Debug|Any CPU
		{BFF440CC-0D17-491F-B191-117A4EF0E656}.Release|Any CPU.ActiveCfg = Release|Any CPU
		{BFF440CC-0D17-491F-B191-117A4EF0E656}.Release|Any CPU.Build.0 = Release|Any CPU
		{51F3AAD5-3220-497A-9B69-06FE2B4D2620}.Debug|Any CPU.ActiveCfg = Debug|Any CPU
		{51F3AAD5-3220-497A-9B69-06FE2B4D2620}.Debug|Any CPU.Build.0 = Debug|Any CPU
		{51F3AAD5-3220-497A-9B69-06FE2B4D2620}.Release|Any CPU.ActiveCfg = Release|Any CPU
		{51F3AAD5-3220-497A-9B69-06FE2B4D2620}.Release|Any CPU.Build.0 = Release|Any CPU
		{E84EA45A-6EFE-43AC-9F10-7D58F2D71982}.Debug|Any CPU.ActiveCfg = Debug|Any CPU
		{E84EA45A-6EFE-43AC-9F10-7D58F2D71982}.Debug|Any CPU.Build.0 = Debug|Any CPU
		{E84EA45A-6EFE-43AC-9F10-7D58F2D71982}.Release|Any CPU.ActiveCfg = Release|Any CPU
		{E84EA45A-6EFE-43AC-9F10-7D58F2D71982}.Release|Any CPU.Build.0 = Release|Any CPU
	EndGlobalSection
	GlobalSection(SolutionProperties) = preSolution
		HideSolutionNode = FALSE
	EndGlobalSection
	GlobalSection(ExtensibilityGlobals) = postSolution
		SolutionGuid = {66E08F0B-EC91-4598-8098-EADACAE7CF8F}
	EndGlobalSection
EndGlobal
